
Microsoft Visual Studio Solution File, Format Version 12.00
# Visual Studio Version 17
VisualStudioVersion = 17.0.31903.59
MinimumVisualStudioVersion = 10.0.40219.1
Project("{2150E333-8FDC-42A3-9474-1A3956D46DE8}") = "Solution Items", "Solution Items", "{02E75713-908E-4FA2-9434-CA895B803CFF}"
	ProjectSection(SolutionItems) = preProject
		.editorconfig = .editorconfig
		tests\.editorconfig = tests\.editorconfig
		Directory.Build.props = Directory.Build.props
		src\Directory.Build.props = src\Directory.Build.props
		tests\Directory.Build.props = tests\Directory.Build.props
		Directory.Packages.props = Directory.Packages.props
	EndProjectSection
EndProject
Project("{2150E333-8FDC-42A3-9474-1A3956D46DE8}") = "src", "src", "{A9DAAFB2-175A-4198-9A82-E9BCE0E7F41E}"
EndProject
Project("{FAE04EC0-301F-11D3-BF4B-00C04F79EFBC}") = "Core", "src\Core\Core.csproj", "{088F8EC8-6C03-4848-860C-64367319F24C}"
EndProject
Project("{FAE04EC0-301F-11D3-BF4B-00C04F79EFBC}") = "Abstractions", "src\Abstractions\Abstractions.csproj", "{70AF09C8-E483-4D7F-A748-2DF5700141C3}"
EndProject
Project("{FAE04EC0-301F-11D3-BF4B-00C04F79EFBC}") = "Implementation", "src\Implementation\Implementation.csproj", "{4C533698-8356-4E2C-B67D-2821D5C33F20}"
EndProject
Project("{2150E333-8FDC-42A3-9474-1A3956D46DE8}") = "DependencyInjection", "DependencyInjection", "{734DFD18-75CB-4CDF-9974-022C93198FE0}"
EndProject
Project("{FAE04EC0-301F-11D3-BF4B-00C04F79EFBC}") = "Net", "src\DependencyInjection\Net\Net.csproj", "{36136F2E-658C-45F4-B424-83E7AB355A6D}"
EndProject
Project("{2150E333-8FDC-42A3-9474-1A3956D46DE8}") = "tests", "tests", "{20D00D18-4E0F-457A-80DA-AC8C75E8609F}"
EndProject
Project("{2150E333-8FDC-42A3-9474-1A3956D46DE8}") = "integration", "integration", "{5CF517BB-3F9E-4A70-9CAB-FAF62B4EEE7A}"
EndProject
Project("{2150E333-8FDC-42A3-9474-1A3956D46DE8}") = "DependencyInjection", "DependencyInjection", "{8E9929DA-6C6E-442D-B1AC-3CBA78B4ABAB}"
EndProject
Project("{2150E333-8FDC-42A3-9474-1A3956D46DE8}") = "Net", "Net", "{06BA634B-D649-45BB-8046-22DF6E5A1A5B}"
EndProject
Project("{FAE04EC0-301F-11D3-BF4B-00C04F79EFBC}") = "IT_MethodParameterServices", "tests\integration\DependencyInjection\Net\MethodParameterServices\IT_MethodParameterServices.csproj", "{44C0815C-E45B-4235-8731-EADA38E6ACFF}"
EndProject
Project("{2150E333-8FDC-42A3-9474-1A3956D46DE8}") = "unit", "unit", "{5B685130-D7D7-4F20-A4E8-FE150C760285}"
EndProject
Project("{FAE04EC0-301F-11D3-BF4B-00C04F79EFBC}") = "UT_MethodParameterFactory", "tests\unit\MethodParameterFactory\UT_MethodParameterFactory.csproj", "{C9FE2EC9-C2A0-492D-AEB6-CB2830167FE0}"
EndProject
Project("{2150E333-8FDC-42A3-9474-1A3956D46DE8}") = "DependencyInjection", "DependencyInjection", "{FC9AB03D-FE87-4F8F-B3F9-11E458034404}"
EndProject
Project("{2150E333-8FDC-42A3-9474-1A3956D46DE8}") = "Net", "Net", "{176B498E-C64E-47DB-8076-EF29C7C63519}"
EndProject
Project("{FAE04EC0-301F-11D3-BF4B-00C04F79EFBC}") = "UT_MethodParameterServices", "tests\unit\DependencyInjection\Net\MethodParameterServices\UT_MethodParameterServices.csproj", "{4AE28451-B7F6-4949-978C-DCC54D11A99C}"
EndProject
Global
	GlobalSection(SolutionConfigurationPlatforms) = preSolution
		Debug|Any CPU = Debug|Any CPU
		Release|Any CPU = Release|Any CPU
	EndGlobalSection
	GlobalSection(ProjectConfigurationPlatforms) = postSolution
		{088F8EC8-6C03-4848-860C-64367319F24C}.Debug|Any CPU.ActiveCfg = Debug|Any CPU
		{088F8EC8-6C03-4848-860C-64367319F24C}.Debug|Any CPU.Build.0 = Debug|Any CPU
		{088F8EC8-6C03-4848-860C-64367319F24C}.Release|Any CPU.ActiveCfg = Release|Any CPU
		{088F8EC8-6C03-4848-860C-64367319F24C}.Release|Any CPU.Build.0 = Release|Any CPU
		{70AF09C8-E483-4D7F-A748-2DF5700141C3}.Debug|Any CPU.ActiveCfg = Debug|Any CPU
		{70AF09C8-E483-4D7F-A748-2DF5700141C3}.Debug|Any CPU.Build.0 = Debug|Any CPU
		{70AF09C8-E483-4D7F-A748-2DF5700141C3}.Release|Any CPU.ActiveCfg = Release|Any CPU
		{70AF09C8-E483-4D7F-A748-2DF5700141C3}.Release|Any CPU.Build.0 = Release|Any CPU
		{4C533698-8356-4E2C-B67D-2821D5C33F20}.Debug|Any CPU.ActiveCfg = Debug|Any CPU
		{4C533698-8356-4E2C-B67D-2821D5C33F20}.Debug|Any CPU.Build.0 = Debug|Any CPU
		{4C533698-8356-4E2C-B67D-2821D5C33F20}.Release|Any CPU.ActiveCfg = Release|Any CPU
		{4C533698-8356-4E2C-B67D-2821D5C33F20}.Release|Any CPU.Build.0 = Release|Any CPU
		{36136F2E-658C-45F4-B424-83E7AB355A6D}.Debug|Any CPU.ActiveCfg = Debug|Any CPU
		{36136F2E-658C-45F4-B424-83E7AB355A6D}.Debug|Any CPU.Build.0 = Debug|Any CPU
		{36136F2E-658C-45F4-B424-83E7AB355A6D}.Release|Any CPU.ActiveCfg = Release|Any CPU
		{36136F2E-658C-45F4-B424-83E7AB355A6D}.Release|Any CPU.Build.0 = Release|Any CPU
		{44C0815C-E45B-4235-8731-EADA38E6ACFF}.Debug|Any CPU.ActiveCfg = Debug|Any CPU
		{44C0815C-E45B-4235-8731-EADA38E6ACFF}.Debug|Any CPU.Build.0 = Debug|Any CPU
		{44C0815C-E45B-4235-8731-EADA38E6ACFF}.Release|Any CPU.ActiveCfg = Release|Any CPU
		{44C0815C-E45B-4235-8731-EADA38E6ACFF}.Release|Any CPU.Build.0 = Release|Any CPU
		{C9FE2EC9-C2A0-492D-AEB6-CB2830167FE0}.Debug|Any CPU.ActiveCfg = Debug|Any CPU
		{C9FE2EC9-C2A0-492D-AEB6-CB2830167FE0}.Debug|Any CPU.Build.0 = Debug|Any CPU
		{C9FE2EC9-C2A0-492D-AEB6-CB2830167FE0}.Release|Any CPU.ActiveCfg = Release|Any CPU
		{C9FE2EC9-C2A0-492D-AEB6-CB2830167FE0}.Release|Any CPU.Build.0 = Release|Any CPU
		{4AE28451-B7F6-4949-978C-DCC54D11A99C}.Debug|Any CPU.ActiveCfg = Debug|Any CPU
		{4AE28451-B7F6-4949-978C-DCC54D11A99C}.Debug|Any CPU.Build.0 = Debug|Any CPU
		{4AE28451-B7F6-4949-978C-DCC54D11A99C}.Release|Any CPU.ActiveCfg = Release|Any CPU
		{4AE28451-B7F6-4949-978C-DCC54D11A99C}.Release|Any CPU.Build.0 = Release|Any CPU
	EndGlobalSection
	GlobalSection(SolutionProperties) = preSolution
		HideSolutionNode = FALSE
	EndGlobalSection
	GlobalSection(NestedProjects) = preSolution
		{088F8EC8-6C03-4848-860C-64367319F24C} = {A9DAAFB2-175A-4198-9A82-E9BCE0E7F41E}
		{70AF09C8-E483-4D7F-A748-2DF5700141C3} = {A9DAAFB2-175A-4198-9A82-E9BCE0E7F41E}
		{4C533698-8356-4E2C-B67D-2821D5C33F20} = {A9DAAFB2-175A-4198-9A82-E9BCE0E7F41E}
		{734DFD18-75CB-4CDF-9974-022C93198FE0} = {A9DAAFB2-175A-4198-9A82-E9BCE0E7F41E}
		{36136F2E-658C-45F4-B424-83E7AB355A6D} = {734DFD18-75CB-4CDF-9974-022C93198FE0}
		{5CF517BB-3F9E-4A70-9CAB-FAF62B4EEE7A} = {20D00D18-4E0F-457A-80DA-AC8C75E8609F}
		{8E9929DA-6C6E-442D-B1AC-3CBA78B4ABAB} = {5CF517BB-3F9E-4A70-9CAB-FAF62B4EEE7A}
		{06BA634B-D649-45BB-8046-22DF6E5A1A5B} = {8E9929DA-6C6E-442D-B1AC-3CBA78B4ABAB}
		{44C0815C-E45B-4235-8731-EADA38E6ACFF} = {06BA634B-D649-45BB-8046-22DF6E5A1A5B}
		{5B685130-D7D7-4F20-A4E8-FE150C760285} = {20D00D18-4E0F-457A-80DA-AC8C75E8609F}
		{C9FE2EC9-C2A0-492D-AEB6-CB2830167FE0} = {5B685130-D7D7-4F20-A4E8-FE150C760285}
		{FC9AB03D-FE87-4F8F-B3F9-11E458034404} = {5B685130-D7D7-4F20-A4E8-FE150C760285}
		{176B498E-C64E-47DB-8076-EF29C7C63519} = {FC9AB03D-FE87-4F8F-B3F9-11E458034404}
		{4AE28451-B7F6-4949-978C-DCC54D11A99C} = {176B498E-C64E-47DB-8076-EF29C7C63519}
	EndGlobalSection
	GlobalSection(ExtensibilityGlobals) = postSolution
		SolutionGuid = {2CA5E2D6-6A46-4A12-B560-283F3034E440}
	EndGlobalSection
EndGlobal
