
Microsoft Visual Studio Solution File, Format Version 12.00
# Visual Studio Version 17
VisualStudioVersion = 17.0.31903.59
MinimumVisualStudioVersion = 10.0.40219.1
Project("{2150E333-8FDC-42A3-9474-1A3956D46DE8}") = "Solution Items", "Solution Items", "{02E75713-908E-4FA2-9434-CA895B803CFF}"
	ProjectSection(SolutionItems) = preProject
		.editorconfig = .editorconfig
		tests\.editorconfig = tests\.editorconfig
		Directory.Build.props = Directory.Build.props
		src\Directory.Build.props = src\Directory.Build.props
		Directory.Packages.props = Directory.Packages.props
		tests\Directory.Build.props = tests\Directory.Build.props
	EndProjectSection
EndProject
Project("{9A19103F-16F7-4668-BE54-9A1E7A4F7556}") = "Paraminter.Parameters.Constructor.Core", "src\Paraminter.Parameters.Constructor.Core\Paraminter.Parameters.Constructor.Core.csproj", "{FFBE413F-57B0-423F-93A8-A4C3343BC96C}"
EndProject
Project("{9A19103F-16F7-4668-BE54-9A1E7A4F7556}") = "Paraminter.Parameters.Constructor.Abstractions", "src\Paraminter.Parameters.Constructor.Abstractions\Paraminter.Parameters.Constructor.Abstractions.csproj", "{3D112959-67DE-4F42-B2BA-F8E12080E5DA}"
EndProject
Project("{9A19103F-16F7-4668-BE54-9A1E7A4F7556}") = "Paraminter.Parameters.Constructor", "src\Paraminter.Parameters.Constructor\Paraminter.Parameters.Constructor.csproj", "{19050105-8E14-4BF6-B933-108F4BE4DD3A}"
EndProject
Project("{9A19103F-16F7-4668-BE54-9A1E7A4F7556}") = "Paraminter.Parameters.Constructor.DependencyInjection", "src\Paraminter.Parameters.Constructor.DependencyInjection\Paraminter.Parameters.Constructor.DependencyInjection.csproj", "{C8AAC67A-E829-4DD9-92D2-1B1F59E8BF20}"
EndProject
Project("{9A19103F-16F7-4668-BE54-9A1E7A4F7556}") = "Paraminter.Parameters.Constructor.IntegrationTests", "tests\integration\Paraminter.Parameters.Constructor.IntegrationTests\Paraminter.Parameters.Constructor.IntegrationTests.csproj", "{A5C864F5-0517-40F6-8690-EDEE1E1472E0}"
EndProject
Project("{9A19103F-16F7-4668-BE54-9A1E7A4F7556}") = "Paraminter.Parameters.Constructor.UnitTests", "tests\unit\Paraminter.Parameters.Constructor.UnitTests\Paraminter.Parameters.Constructor.UnitTests.csproj", "{97CAD657-D31A-4685-B97B-CDC99D000CC9}"
EndProject
Global
	GlobalSection(SolutionConfigurationPlatforms) = preSolution
		Debug|Any CPU = Debug|Any CPU
		Release|Any CPU = Release|Any CPU
	EndGlobalSection
	GlobalSection(ProjectConfigurationPlatforms) = postSolution
		{FFBE413F-57B0-423F-93A8-A4C3343BC96C}.Debug|Any CPU.ActiveCfg = Debug|Any CPU
		{FFBE413F-57B0-423F-93A8-A4C3343BC96C}.Debug|Any CPU.Build.0 = Debug|Any CPU
		{FFBE413F-57B0-423F-93A8-A4C3343BC96C}.Release|Any CPU.ActiveCfg = Release|Any CPU
		{FFBE413F-57B0-423F-93A8-A4C3343BC96C}.Release|Any CPU.Build.0 = Release|Any CPU
		{3D112959-67DE-4F42-B2BA-F8E12080E5DA}.Debug|Any CPU.ActiveCfg = Debug|Any CPU
		{3D112959-67DE-4F42-B2BA-F8E12080E5DA}.Debug|Any CPU.Build.0 = Debug|Any CPU
		{3D112959-67DE-4F42-B2BA-F8E12080E5DA}.Release|Any CPU.ActiveCfg = Release|Any CPU
		{3D112959-67DE-4F42-B2BA-F8E12080E5DA}.Release|Any CPU.Build.0 = Release|Any CPU
		{19050105-8E14-4BF6-B933-108F4BE4DD3A}.Debug|Any CPU.ActiveCfg = Debug|Any CPU
		{19050105-8E14-4BF6-B933-108F4BE4DD3A}.Debug|Any CPU.Build.0 = Debug|Any CPU
		{19050105-8E14-4BF6-B933-108F4BE4DD3A}.Release|Any CPU.ActiveCfg = Release|Any CPU
		{19050105-8E14-4BF6-B933-108F4BE4DD3A}.Release|Any CPU.Build.0 = Release|Any CPU
		{C8AAC67A-E829-4DD9-92D2-1B1F59E8BF20}.Debug|Any CPU.ActiveCfg = Debug|Any CPU
		{C8AAC67A-E829-4DD9-92D2-1B1F59E8BF20}.Debug|Any CPU.Build.0 = Debug|Any CPU
		{C8AAC67A-E829-4DD9-92D2-1B1F59E8BF20}.Release|Any CPU.ActiveCfg = Release|Any CPU
		{C8AAC67A-E829-4DD9-92D2-1B1F59E8BF20}.Release|Any CPU.Build.0 = Release|Any CPU
		{A5C864F5-0517-40F6-8690-EDEE1E1472E0}.Debug|Any CPU.ActiveCfg = Debug|Any CPU
		{A5C864F5-0517-40F6-8690-EDEE1E1472E0}.Debug|Any CPU.Build.0 = Debug|Any CPU
		{A5C864F5-0517-40F6-8690-EDEE1E1472E0}.Release|Any CPU.ActiveCfg = Release|Any CPU
		{A5C864F5-0517-40F6-8690-EDEE1E1472E0}.Release|Any CPU.Build.0 = Release|Any CPU
		{97CAD657-D31A-4685-B97B-CDC99D000CC9}.Debug|Any CPU.ActiveCfg = Debug|Any CPU
		{97CAD657-D31A-4685-B97B-CDC99D000CC9}.Debug|Any CPU.Build.0 = Debug|Any CPU
		{97CAD657-D31A-4685-B97B-CDC99D000CC9}.Release|Any CPU.ActiveCfg = Release|Any CPU
		{97CAD657-D31A-4685-B97B-CDC99D000CC9}.Release|Any CPU.Build.0 = Release|Any CPU
	EndGlobalSection
	GlobalSection(SolutionProperties) = preSolution
		HideSolutionNode = FALSE
	EndGlobalSection
	GlobalSection(ExtensibilityGlobals) = postSolution
		SolutionGuid = {2CA5E2D6-6A46-4A12-B560-283F3034E440}
	EndGlobalSection
EndGlobal
